// !$*UTF8*$!
{
	archiveVersion = 1;
	classes = {
	};
	objectVersion = 46;
	objects = {

/* Begin PBXBuildFile section */
		D46E5A171EA200D600D35995 /* AppDelegate.swift in Sources */ = {isa = PBXBuildFile; fileRef = D46E5A161EA200D600D35995 /* AppDelegate.swift */; };
		D46E5A191EA200D600D35995 /* ViewController.swift in Sources */ = {isa = PBXBuildFile; fileRef = D46E5A181EA200D600D35995 /* ViewController.swift */; };
		D46E5A1C1EA200D600D35995 /* Main.storyboard in Resources */ = {isa = PBXBuildFile; fileRef = D46E5A1A1EA200D600D35995 /* Main.storyboard */; };
		D46E5A1E1EA200D600D35995 /* Assets.xcassets in Resources */ = {isa = PBXBuildFile; fileRef = D46E5A1D1EA200D600D35995 /* Assets.xcassets */; };
		D46E5A211EA200D600D35995 /* LaunchScreen.storyboard in Resources */ = {isa = PBXBuildFile; fileRef = D46E5A1F1EA200D600D35995 /* LaunchScreen.storyboard */; };
		D46E5A311EA204B300D35995 /* KeyboardManager.framework in Frameworks */ = {isa = PBXBuildFile; fileRef = D46E5A2E1EA2012600D35995 /* KeyboardManager.framework */; };
/* End PBXBuildFile section */

/* Begin PBXContainerItemProxy section */
		D46E5A2D1EA2012600D35995 /* PBXContainerItemProxy */ = {
			isa = PBXContainerItemProxy;
			containerPortal = D46E5A281EA2012600D35995 /* KeyboardManager.xcodeproj */;
			proxyType = 2;
			remoteGlobalIDString = D41CA4231E2A5D8F00410ECF;
			remoteInfo = KeyboardManager;
		};
		D46E5A2F1EA2012600D35995 /* PBXContainerItemProxy */ = {
			isa = PBXContainerItemProxy;
			containerPortal = D46E5A281EA2012600D35995 /* KeyboardManager.xcodeproj */;
			proxyType = 2;
			remoteGlobalIDString = D41CA42C1E2A5D8F00410ECF;
			remoteInfo = KeyboardManagerTests;
		};
/* End PBXContainerItemProxy section */

/* Begin PBXFileReference section */
		D46E5A131EA200D600D35995 /* KeyboardManagerDemo.app */ = {isa = PBXFileReference; explicitFileType = wrapper.application; includeInIndex = 0; path = KeyboardManagerDemo.app; sourceTree = BUILT_PRODUCTS_DIR; };
		D46E5A161EA200D600D35995 /* AppDelegate.swift */ = {isa = PBXFileReference; lastKnownFileType = sourcecode.swift; path = AppDelegate.swift; sourceTree = "<group>"; };
		D46E5A181EA200D600D35995 /* ViewController.swift */ = {isa = PBXFileReference; lastKnownFileType = sourcecode.swift; path = ViewController.swift; sourceTree = "<group>"; };
		D46E5A1B1EA200D600D35995 /* Base */ = {isa = PBXFileReference; lastKnownFileType = file.storyboard; name = Base; path = Base.lproj/Main.storyboard; sourceTree = "<group>"; };
		D46E5A1D1EA200D600D35995 /* Assets.xcassets */ = {isa = PBXFileReference; lastKnownFileType = folder.assetcatalog; path = Assets.xcassets; sourceTree = "<group>"; };
		D46E5A201EA200D600D35995 /* Base */ = {isa = PBXFileReference; lastKnownFileType = file.storyboard; name = Base; path = Base.lproj/LaunchScreen.storyboard; sourceTree = "<group>"; };
		D46E5A221EA200D600D35995 /* Info.plist */ = {isa = PBXFileReference; lastKnownFileType = text.plist.xml; path = Info.plist; sourceTree = "<group>"; };
		D46E5A281EA2012600D35995 /* KeyboardManager.xcodeproj */ = {isa = PBXFileReference; lastKnownFileType = "wrapper.pb-project"; name = KeyboardManager.xcodeproj; path = ../KeyboardManager.xcodeproj; sourceTree = "<group>"; };
/* End PBXFileReference section */

/* Begin PBXFrameworksBuildPhase section */
		D46E5A101EA200D600D35995 /* Frameworks */ = {
			isa = PBXFrameworksBuildPhase;
			buildActionMask = 2147483647;
			files = (
				D46E5A311EA204B300D35995 /* KeyboardManager.framework in Frameworks */,
			);
			runOnlyForDeploymentPostprocessing = 0;
		};
/* End PBXFrameworksBuildPhase section */

/* Begin PBXGroup section */
		D46E5A0A1EA200D600D35995 = {
			isa = PBXGroup;
			children = (
				D46E5A151EA200D600D35995 /* KeyboardManagerDemo */,
				D46E5A141EA200D600D35995 /* Products */,
				D46E5A281EA2012600D35995 /* KeyboardManager.xcodeproj */,
			);
			sourceTree = "<group>";
		};
		D46E5A141EA200D600D35995 /* Products */ = {
			isa = PBXGroup;
			children = (
				D46E5A131EA200D600D35995 /* KeyboardManagerDemo.app */,
			);
			name = Products;
			sourceTree = "<group>";
		};
		D46E5A151EA200D600D35995 /* KeyboardManagerDemo */ = {
			isa = PBXGroup;
			children = (
				D46E5A161EA200D600D35995 /* AppDelegate.swift */,
				D46E5A181EA200D600D35995 /* ViewController.swift */,
				D46E5A1A1EA200D600D35995 /* Main.storyboard */,
				D46E5A1D1EA200D600D35995 /* Assets.xcassets */,
				D46E5A1F1EA200D600D35995 /* LaunchScreen.storyboard */,
				D46E5A221EA200D600D35995 /* Info.plist */,
			);
			path = KeyboardManagerDemo;
			sourceTree = "<group>";
		};
		D46E5A291EA2012600D35995 /* Products */ = {
			isa = PBXGroup;
			children = (
				D46E5A2E1EA2012600D35995 /* KeyboardManager.framework */,
				D46E5A301EA2012600D35995 /* KeyboardManagerTests.xctest */,
			);
			name = Products;
			sourceTree = "<group>";
		};
/* End PBXGroup section */

/* Begin PBXNativeTarget section */
		D46E5A121EA200D600D35995 /* KeyboardManagerDemo */ = {
			isa = PBXNativeTarget;
			buildConfigurationList = D46E5A251EA200D600D35995 /* Build configuration list for PBXNativeTarget "KeyboardManagerDemo" */;
			buildPhases = (
				D46E5A0F1EA200D600D35995 /* Sources */,
				D46E5A101EA200D600D35995 /* Frameworks */,
				D46E5A111EA200D600D35995 /* Resources */,
			);
			buildRules = (
			);
			dependencies = (
			);
			name = KeyboardManagerDemo;
			productName = KeyboardManagerDemo;
			productReference = D46E5A131EA200D600D35995 /* KeyboardManagerDemo.app */;
			productType = "com.apple.product-type.application";
		};
/* End PBXNativeTarget section */

/* Begin PBXProject section */
		D46E5A0B1EA200D600D35995 /* Project object */ = {
			isa = PBXProject;
			attributes = {
				LastSwiftUpdateCheck = 0830;
				LastUpgradeCheck = 0900;
				ORGANIZATIONNAME = "Alexey Korolev";
				TargetAttributes = {
					D46E5A121EA200D600D35995 = {
						CreatedOnToolsVersion = 8.3.1;
						ProvisioningStyle = Automatic;
					};
				};
			};
			buildConfigurationList = D46E5A0E1EA200D600D35995 /* Build configuration list for PBXProject "KeyboardManagerDemo" */;
			compatibilityVersion = "Xcode 3.2";
			developmentRegion = English;
			hasScannedForEncodings = 0;
			knownRegions = (
				en,
				Base,
			);
			mainGroup = D46E5A0A1EA200D600D35995;
			productRefGroup = D46E5A141EA200D600D35995 /* Products */;
			projectDirPath = "";
			projectReferences = (
				{
					ProductGroup = D46E5A291EA2012600D35995 /* Products */;
					ProjectRef = D46E5A281EA2012600D35995 /* KeyboardManager.xcodeproj */;
				},
			);
			projectRoot = "";
			targets = (
				D46E5A121EA200D600D35995 /* KeyboardManagerDemo */,
			);
		};
/* End PBXProject section */

/* Begin PBXReferenceProxy section */
		D46E5A2E1EA2012600D35995 /* KeyboardManager.framework */ = {
			isa = PBXReferenceProxy;
			fileType = wrapper.framework;
			path = KeyboardManager.framework;
			remoteRef = D46E5A2D1EA2012600D35995 /* PBXContainerItemProxy */;
			sourceTree = BUILT_PRODUCTS_DIR;
		};
		D46E5A301EA2012600D35995 /* KeyboardManagerTests.xctest */ = {
			isa = PBXReferenceProxy;
			fileType = wrapper.cfbundle;
			path = KeyboardManagerTests.xctest;
			remoteRef = D46E5A2F1EA2012600D35995 /* PBXContainerItemProxy */;
			sourceTree = BUILT_PRODUCTS_DIR;
		};
/* End PBXReferenceProxy section */

/* Begin PBXResourcesBuildPhase section */
		D46E5A111EA200D600D35995 /* Resources */ = {
			isa = PBXResourcesBuildPhase;
			buildActionMask = 2147483647;
			files = (
				D46E5A211EA200D600D35995 /* LaunchScreen.storyboard in Resources */,
				D46E5A1E1EA200D600D35995 /* Assets.xcassets in Resources */,
				D46E5A1C1EA200D600D35995 /* Main.storyboard in Resources */,
			);
			runOnlyForDeploymentPostprocessing = 0;
		};
/* End PBXResourcesBuildPhase section */

/* Begin PBXSourcesBuildPhase section */
		D46E5A0F1EA200D600D35995 /* Sources */ = {
			isa = PBXSourcesBuildPhase;
			buildActionMask = 2147483647;
			files = (
				D46E5A191EA200D600D35995 /* ViewController.swift in Sources */,
				D46E5A171EA200D600D35995 /* AppDelegate.swift in Sources */,
			);
			runOnlyForDeploymentPostprocessing = 0;
		};
/* End PBXSourcesBuildPhase section */

/* Begin PBXVariantGroup section */
		D46E5A1A1EA200D600D35995 /* Main.storyboard */ = {
			isa = PBXVariantGroup;
			children = (
				D46E5A1B1EA200D600D35995 /* Base */,
			);
			name = Main.storyboard;
			sourceTree = "<group>";
		};
		D46E5A1F1EA200D600D35995 /* LaunchScreen.storyboard */ = {
			isa = PBXVariantGroup;
			children = (
				D46E5A201EA200D600D35995 /* Base */,
			);
			name = LaunchScreen.storyboard;
			sourceTree = "<group>";
		};
/* End PBXVariantGroup section */

/* Begin XCBuildConfiguration section */
		D46E5A231EA200D600D35995 /* Debug */ = {
			isa = XCBuildConfiguration;
			buildSettings = {
				ALWAYS_SEARCH_USER_PATHS = NO;
				CLANG_ANALYZER_NONNULL = YES;
				CLANG_ANALYZER_NUMBER_OBJECT_CONVERSION = YES_AGGRESSIVE;
				CLANG_CXX_LANGUAGE_STANDARD = "gnu++0x";
				CLANG_CXX_LIBRARY = "libc++";
				CLANG_ENABLE_MODULES = YES;
				CLANG_ENABLE_OBJC_ARC = YES;
				CLANG_WARN_BLOCK_CAPTURE_AUTORELEASING = YES;
				CLANG_WARN_BOOL_CONVERSION = YES;
				CLANG_WARN_COMMA = YES;
				CLANG_WARN_CONSTANT_CONVERSION = YES;
				CLANG_WARN_DIRECT_OBJC_ISA_USAGE = YES_ERROR;
				CLANG_WARN_DOCUMENTATION_COMMENTS = YES;
				CLANG_WARN_EMPTY_BODY = YES;
				CLANG_WARN_ENUM_CONVERSION = YES;
				CLANG_WARN_INFINITE_RECURSION = YES;
				CLANG_WARN_INT_CONVERSION = YES;
				CLANG_WARN_NON_LITERAL_NULL_CONVERSION = YES;
				CLANG_WARN_OBJC_LITERAL_CONVERSION = YES;
				CLANG_WARN_OBJC_ROOT_CLASS = YES_ERROR;
				CLANG_WARN_RANGE_LOOP_ANALYSIS = YES;
				CLANG_WARN_STRICT_PROTOTYPES = YES;
				CLANG_WARN_SUSPICIOUS_MOVE = YES;
				CLANG_WARN_UNREACHABLE_CODE = YES;
				CLANG_WARN__DUPLICATE_METHOD_MATCH = YES;
				"CODE_SIGN_IDENTITY[sdk=iphoneos*]" = "iPhone Developer";
				COPY_PHASE_STRIP = NO;
				DEBUG_INFORMATION_FORMAT = dwarf;
				ENABLE_STRICT_OBJC_MSGSEND = YES;
				ENABLE_TESTABILITY = YES;
				GCC_C_LANGUAGE_STANDARD = gnu99;
				GCC_DYNAMIC_NO_PIC = NO;
				GCC_NO_COMMON_BLOCKS = YES;
				GCC_OPTIMIZATION_LEVEL = 0;
				GCC_PREPROCESSOR_DEFINITIONS = (
					"DEBUG=1",
					"$(inherited)",
				);
				GCC_WARN_64_TO_32_BIT_CONVERSION = YES;
				GCC_WARN_ABOUT_RETURN_TYPE = YES_ERROR;
				GCC_WARN_UNDECLARED_SELECTOR = YES;
				GCC_WARN_UNINITIALIZED_AUTOS = YES_AGGRESSIVE;
				GCC_WARN_UNUSED_FUNCTION = YES;
				GCC_WARN_UNUSED_VARIABLE = YES;
				IPHONEOS_DEPLOYMENT_TARGET = 10.3;
				MTL_ENABLE_DEBUG_INFO = YES;
				ONLY_ACTIVE_ARCH = YES;
				SDKROOT = iphoneos;
				SWIFT_ACTIVE_COMPILATION_CONDITIONS = DEBUG;
				SWIFT_OPTIMIZATION_LEVEL = "-Onone";
			};
			name = Debug;
		};
		D46E5A241EA200D600D35995 /* Release */ = {
			isa = XCBuildConfiguration;
			buildSettings = {
				ALWAYS_SEARCH_USER_PATHS = NO;
				CLANG_ANALYZER_NONNULL = YES;
				CLANG_ANALYZER_NUMBER_OBJECT_CONVERSION = YES_AGGRESSIVE;
				CLANG_CXX_LANGUAGE_STANDARD = "gnu++0x";
				CLANG_CXX_LIBRARY = "libc++";
				CLANG_ENABLE_MODULES = YES;
				CLANG_ENABLE_OBJC_ARC = YES;
				CLANG_WARN_BLOCK_CAPTURE_AUTORELEASING = YES;
				CLANG_WARN_BOOL_CONVERSION = YES;
				CLANG_WARN_COMMA = YES;
				CLANG_WARN_CONSTANT_CONVERSION = YES;
				CLANG_WARN_DIRECT_OBJC_ISA_USAGE = YES_ERROR;
				CLANG_WARN_DOCUMENTATION_COMMENTS = YES;
				CLANG_WARN_EMPTY_BODY = YES;
				CLANG_WARN_ENUM_CONVERSION = YES;
				CLANG_WARN_INFINITE_RECURSION = YES;
				CLANG_WARN_INT_CONVERSION = YES;
				CLANG_WARN_NON_LITERAL_NULL_CONVERSION = YES;
				CLANG_WARN_OBJC_LITERAL_CONVERSION = YES;
				CLANG_WARN_OBJC_ROOT_CLASS = YES_ERROR;
				CLANG_WARN_RANGE_LOOP_ANALYSIS = YES;
				CLANG_WARN_STRICT_PROTOTYPES = YES;
				CLANG_WARN_SUSPICIOUS_MOVE = YES;
				CLANG_WARN_UNREACHABLE_CODE = YES;
				CLANG_WARN__DUPLICATE_METHOD_MATCH = YES;
				"CODE_SIGN_IDENTITY[sdk=iphoneos*]" = "iPhone Developer";
				COPY_PHASE_STRIP = NO;
				DEBUG_INFORMATION_FORMAT = "dwarf-with-dsym";
				ENABLE_NS_ASSERTIONS = NO;
				ENABLE_STRICT_OBJC_MSGSEND = YES;
				GCC_C_LANGUAGE_STANDARD = gnu99;
				GCC_NO_COMMON_BLOCKS = YES;
				GCC_WARN_64_TO_32_BIT_CONVERSION = YES;
				GCC_WARN_ABOUT_RETURN_TYPE = YES_ERROR;
				GCC_WARN_UNDECLARED_SELECTOR = YES;
				GCC_WARN_UNINITIALIZED_AUTOS = YES_AGGRESSIVE;
				GCC_WARN_UNUSED_FUNCTION = YES;
				GCC_WARN_UNUSED_VARIABLE = YES;
				IPHONEOS_DEPLOYMENT_TARGET = 10.3;
				MTL_ENABLE_DEBUG_INFO = NO;
				SDKROOT = iphoneos;
				SWIFT_OPTIMIZATION_LEVEL = "-Owholemodule";
				VALIDATE_PRODUCT = YES;
			};
			name = Release;
		};
		D46E5A261EA200D600D35995 /* Debug */ = {
			isa = XCBuildConfiguration;
			buildSettings = {
				ASSETCATALOG_COMPILER_APPICON_NAME = AppIcon;
				INFOPLIST_FILE = KeyboardManagerDemo/Info.plist;
				LD_RUNPATH_SEARCH_PATHS = "$(inherited) @executable_path/Frameworks";
				PRODUCT_BUNDLE_IDENTIFIER = com.alphatroya.KeyboardManagerDemo;
				PRODUCT_NAME = "$(TARGET_NAME)";
				SWIFT_VERSION = 4.0;
			};
			name = Debug;
		};
		D46E5A271EA200D600D35995 /* Release */ = {
			isa = XCBuildConfiguration;
			buildSettings = {
				ASSETCATALOG_COMPILER_APPICON_NAME = AppIcon;
				INFOPLIST_FILE = KeyboardManagerDemo/Info.plist;
				LD_RUNPATH_SEARCH_PATHS = "$(inherited) @executable_path/Frameworks";
				PRODUCT_BUNDLE_IDENTIFIER = com.alphatroya.KeyboardManagerDemo;
				PRODUCT_NAME = "$(TARGET_NAME)";
				SWIFT_VERSION = 4.0;
			};
			name = Release;
		};
/* End XCBuildConfiguration section */

/* Begin XCConfigurationList section */
		D46E5A0E1EA200D600D35995 /* Build configuration list for PBXProject "KeyboardManagerDemo" */ = {
			isa = XCConfigurationList;
			buildConfigurations = (
				D46E5A231EA200D600D35995 /* Debug */,
				D46E5A241EA200D600D35995 /* Release */,
			);
			defaultConfigurationIsVisible = 0;
			defaultConfigurationName = Release;
		};
		D46E5A251EA200D600D35995 /* Build configuration list for PBXNativeTarget "KeyboardManagerDemo" */ = {
			isa = XCConfigurationList;
			buildConfigurations = (
				D46E5A261EA200D600D35995 /* Debug */,
				D46E5A271EA200D600D35995 /* Release */,
			);
			defaultConfigurationIsVisible = 0;
			defaultConfigurationName = Release;
		};
/* End XCConfigurationList section */
	};
	rootObject = D46E5A0B1EA200D600D35995 /* Project object */;
}
